
Microsoft Visual Studio Solution File, Format Version 12.00
# Visual Studio 15
VisualStudioVersion = 15.0.27130.2036
MinimumVisualStudioVersion = 10.0.40219.1
Project("{9A19103F-16F7-4668-BE54-9A1E7A4F7556}") = "TemplateName.Api", "src\TemplateName.Api\TemplateName.Api.csproj", "{40AC4A95-1724-4DDC-AE55-9E541A02E2C1}"
EndProject
Project("{9A19103F-16F7-4668-BE54-9A1E7A4F7556}") = "TemplateName.Api.Test", "test\TemplateName.Api.Test\TemplateName.Api.Test.csproj", "{0296B3D6-2F07-4102-B61D-4C380C3DB05A}"
EndProject
Project("{2150E333-8FDC-42A3-9474-1A3956D46DE8}") = "src", "src", "{AF58E5B6-9390-4EB1-B7DF-52D2C9D78DBF}"
EndProject
Project("{2150E333-8FDC-42A3-9474-1A3956D46DE8}") = "test", "test", "{F208ADD1-92EE-4482-B392-FB615E5FFA0C}"
EndProject
Project("{9A19103F-16F7-4668-BE54-9A1E7A4F7556}") = "TemplateName.Module", "src\TemplateName.Module\TemplateName.Module.csproj", "{305AE9AD-D9A4-40EF-9B63-6BC957D466B8}"
EndProject
Global
	GlobalSection(SolutionConfigurationPlatforms) = preSolution
		Debug|Any CPU = Debug|Any CPU
		Release|Any CPU = Release|Any CPU
	EndGlobalSection
	GlobalSection(ProjectConfigurationPlatforms) = postSolution
		{40AC4A95-1724-4DDC-AE55-9E541A02E2C1}.Debug|Any CPU.ActiveCfg = Debug|Any CPU
		{40AC4A95-1724-4DDC-AE55-9E541A02E2C1}.Debug|Any CPU.Build.0 = Debug|Any CPU
		{40AC4A95-1724-4DDC-AE55-9E541A02E2C1}.Release|Any CPU.ActiveCfg = Release|Any CPU
		{40AC4A95-1724-4DDC-AE55-9E541A02E2C1}.Release|Any CPU.Build.0 = Release|Any CPU
		{0296B3D6-2F07-4102-B61D-4C380C3DB05A}.Debug|Any CPU.ActiveCfg = Debug|Any CPU
		{0296B3D6-2F07-4102-B61D-4C380C3DB05A}.Debug|Any CPU.Build.0 = Debug|Any CPU
		{0296B3D6-2F07-4102-B61D-4C380C3DB05A}.Release|Any CPU.ActiveCfg = Release|Any CPU
		{0296B3D6-2F07-4102-B61D-4C380C3DB05A}.Release|Any CPU.Build.0 = Release|Any CPU
		{305AE9AD-D9A4-40EF-9B63-6BC957D466B8}.Debug|Any CPU.ActiveCfg = Debug|Any CPU
		{305AE9AD-D9A4-40EF-9B63-6BC957D466B8}.Debug|Any CPU.Build.0 = Debug|Any CPU
		{305AE9AD-D9A4-40EF-9B63-6BC957D466B8}.Release|Any CPU.ActiveCfg = Release|Any CPU
		{305AE9AD-D9A4-40EF-9B63-6BC957D466B8}.Release|Any CPU.Build.0 = Release|Any CPU
	EndGlobalSection
	GlobalSection(SolutionProperties) = preSolution
		HideSolutionNode = FALSE
	EndGlobalSection
	GlobalSection(NestedProjects) = preSolution
		{40AC4A95-1724-4DDC-AE55-9E541A02E2C1} = {AF58E5B6-9390-4EB1-B7DF-52D2C9D78DBF}
		{0296B3D6-2F07-4102-B61D-4C380C3DB05A} = {F208ADD1-92EE-4482-B392-FB615E5FFA0C}
		{305AE9AD-D9A4-40EF-9B63-6BC957D466B8} = {AF58E5B6-9390-4EB1-B7DF-52D2C9D78DBF}
	EndGlobalSection
	GlobalSection(ExtensibilityGlobals) = postSolution
		SolutionGuid = {FE167D05-5B76-463D-9DF4-EA9DB3901CD1}
	EndGlobalSection
EndGlobal
